
Microsoft Visual Studio Solution File, Format Version 12.00
# Visual Studio Version 16
VisualStudioVersion = 16.0.31624.102
MinimumVisualStudioVersion = 10.0.40219.1
Project("{8BC9CEB8-8B4A-11D0-8D11-00A0C91BC942}") = "ConsoleApplication63", "ConsoleApplication63.vcxproj", "{AE4CFC68-C378-4C7D-A5E5-88288D4BB051}"
EndProject
Global
	GlobalSection(SolutionConfigurationPlatforms) = preSolution
		Debug|x64 = Debug|x64
		Debug|x86 = Debug|x86
		Release|x64 = Release|x64
		Release|x86 = Release|x86
	EndGlobalSection
	GlobalSection(ProjectConfigurationPlatforms) = postSolution
		{AE4CFC68-C378-4C7D-A5E5-88288D4BB051}.Debug|x64.ActiveCfg = Debug|x64
		{AE4CFC68-C378-4C7D-A5E5-88288D4BB051}.Debug|x64.Build.0 = Debug|x64
		{AE4CFC68-C378-4C7D-A5E5-88288D4BB051}.Debug|x86.ActiveCfg = Debug|Win32
		{AE4CFC68-C378-4C7D-A5E5-88288D4BB051}.Debug|x86.Build.0 = Debug|Win32
		{AE4CFC68-C378-4C7D-A5E5-88288D4BB051}.Release|x64.ActiveCfg = Release|x64
		{AE4CFC68-C378-4C7D-A5E5-88288D4BB051}.Release|x64.Build.0 = Release|x64
		{AE4CFC68-C378-4C7D-A5E5-88288D4BB051}.Release|x86.ActiveCfg = Release|Win32
		{AE4CFC68-C378-4C7D-A5E5-88288D4BB051}.Release|x86.Build.0 = Release|Win32
	EndGlobalSection
	GlobalSection(SolutionProperties) = preSolution
		HideSolutionNode = FALSE
	EndGlobalSection
	GlobalSection(ExtensibilityGlobals) = postSolution
		SolutionGuid = {A7C6735E-53ED-4F4D-BB9F-4DEEE75219DD}
	EndGlobalSection
EndGlobal
