
Microsoft Visual Studio Solution File, Format Version 12.00
# Visual Studio Version 16
VisualStudioVersion = 16.0.31624.102
MinimumVisualStudioVersion = 10.0.40219.1
Project("{8BC9CEB8-8B4A-11D0-8D11-00A0C91BC942}") = "ConsoleApplication52", "ConsoleApplication52.vcxproj", "{F5F215F8-DCE9-41A4-8036-798E64BCEE98}"
EndProject
Global
	GlobalSection(SolutionConfigurationPlatforms) = preSolution
		Debug|x64 = Debug|x64
		Debug|x86 = Debug|x86
		Release|x64 = Release|x64
		Release|x86 = Release|x86
	EndGlobalSection
	GlobalSection(ProjectConfigurationPlatforms) = postSolution
		{F5F215F8-DCE9-41A4-8036-798E64BCEE98}.Debug|x64.ActiveCfg = Debug|x64
		{F5F215F8-DCE9-41A4-8036-798E64BCEE98}.Debug|x64.Build.0 = Debug|x64
		{F5F215F8-DCE9-41A4-8036-798E64BCEE98}.Debug|x86.ActiveCfg = Debug|Win32
		{F5F215F8-DCE9-41A4-8036-798E64BCEE98}.Debug|x86.Build.0 = Debug|Win32
		{F5F215F8-DCE9-41A4-8036-798E64BCEE98}.Release|x64.ActiveCfg = Release|x64
		{F5F215F8-DCE9-41A4-8036-798E64BCEE98}.Release|x64.Build.0 = Release|x64
		{F5F215F8-DCE9-41A4-8036-798E64BCEE98}.Release|x86.ActiveCfg = Release|Win32
		{F5F215F8-DCE9-41A4-8036-798E64BCEE98}.Release|x86.Build.0 = Release|Win32
	EndGlobalSection
	GlobalSection(SolutionProperties) = preSolution
		HideSolutionNode = FALSE
	EndGlobalSection
	GlobalSection(ExtensibilityGlobals) = postSolution
		SolutionGuid = {5D40AA06-5BC3-4A79-8E0D-83020EDB5AB2}
	EndGlobalSection
EndGlobal
