
Microsoft Visual Studio Solution File, Format Version 12.00
# Visual Studio Version 16
VisualStudioVersion = 16.0.31624.102
MinimumVisualStudioVersion = 10.0.40219.1
Project("{8BC9CEB8-8B4A-11D0-8D11-00A0C91BC942}") = "ConsoleApplication15", "ConsoleApplication15.vcxproj", "{99DF2606-35BB-4D1B-91DD-5CAD4F46E842}"
EndProject
Global
	GlobalSection(SolutionConfigurationPlatforms) = preSolution
		Debug|x64 = Debug|x64
		Debug|x86 = Debug|x86
		Release|x64 = Release|x64
		Release|x86 = Release|x86
	EndGlobalSection
	GlobalSection(ProjectConfigurationPlatforms) = postSolution
		{99DF2606-35BB-4D1B-91DD-5CAD4F46E842}.Debug|x64.ActiveCfg = Debug|x64
		{99DF2606-35BB-4D1B-91DD-5CAD4F46E842}.Debug|x64.Build.0 = Debug|x64
		{99DF2606-35BB-4D1B-91DD-5CAD4F46E842}.Debug|x86.ActiveCfg = Debug|Win32
		{99DF2606-35BB-4D1B-91DD-5CAD4F46E842}.Debug|x86.Build.0 = Debug|Win32
		{99DF2606-35BB-4D1B-91DD-5CAD4F46E842}.Release|x64.ActiveCfg = Release|x64
		{99DF2606-35BB-4D1B-91DD-5CAD4F46E842}.Release|x64.Build.0 = Release|x64
		{99DF2606-35BB-4D1B-91DD-5CAD4F46E842}.Release|x86.ActiveCfg = Release|Win32
		{99DF2606-35BB-4D1B-91DD-5CAD4F46E842}.Release|x86.Build.0 = Release|Win32
	EndGlobalSection
	GlobalSection(SolutionProperties) = preSolution
		HideSolutionNode = FALSE
	EndGlobalSection
	GlobalSection(ExtensibilityGlobals) = postSolution
		SolutionGuid = {EE1ED139-675F-4502-9D6B-C922CC1B6C23}
	EndGlobalSection
EndGlobal
