
Microsoft Visual Studio Solution File, Format Version 12.00
# Visual Studio Version 16
VisualStudioVersion = 16.0.31624.102
MinimumVisualStudioVersion = 10.0.40219.1
Project("{8BC9CEB8-8B4A-11D0-8D11-00A0C91BC942}") = "ConsoleApplication27", "ConsoleApplication27.vcxproj", "{24E511A5-0307-46E8-BE51-67710C817D90}"
EndProject
Global
	GlobalSection(SolutionConfigurationPlatforms) = preSolution
		Debug|x64 = Debug|x64
		Debug|x86 = Debug|x86
		Release|x64 = Release|x64
		Release|x86 = Release|x86
	EndGlobalSection
	GlobalSection(ProjectConfigurationPlatforms) = postSolution
		{24E511A5-0307-46E8-BE51-67710C817D90}.Debug|x64.ActiveCfg = Debug|x64
		{24E511A5-0307-46E8-BE51-67710C817D90}.Debug|x64.Build.0 = Debug|x64
		{24E511A5-0307-46E8-BE51-67710C817D90}.Debug|x86.ActiveCfg = Debug|Win32
		{24E511A5-0307-46E8-BE51-67710C817D90}.Debug|x86.Build.0 = Debug|Win32
		{24E511A5-0307-46E8-BE51-67710C817D90}.Release|x64.ActiveCfg = Release|x64
		{24E511A5-0307-46E8-BE51-67710C817D90}.Release|x64.Build.0 = Release|x64
		{24E511A5-0307-46E8-BE51-67710C817D90}.Release|x86.ActiveCfg = Release|Win32
		{24E511A5-0307-46E8-BE51-67710C817D90}.Release|x86.Build.0 = Release|Win32
	EndGlobalSection
	GlobalSection(SolutionProperties) = preSolution
		HideSolutionNode = FALSE
	EndGlobalSection
	GlobalSection(ExtensibilityGlobals) = postSolution
		SolutionGuid = {7937DB1A-7140-44DE-BD7D-C6ADD07B4688}
	EndGlobalSection
EndGlobal
