
Microsoft Visual Studio Solution File, Format Version 12.00
# Visual Studio Version 16
VisualStudioVersion = 16.0.31624.102
MinimumVisualStudioVersion = 10.0.40219.1
Project("{FAE04EC0-301F-11D3-BF4B-00C04F79EFBC}") = "ConsoleApp29", "ConsoleApp29.csproj", "{2C20B12C-EB80-4C4D-B52B-3C567E69E8DA}"
EndProject
Global
	GlobalSection(SolutionConfigurationPlatforms) = preSolution
		Debug|Any CPU = Debug|Any CPU
		Release|Any CPU = Release|Any CPU
	EndGlobalSection
	GlobalSection(ProjectConfigurationPlatforms) = postSolution
		{2C20B12C-EB80-4C4D-B52B-3C567E69E8DA}.Debug|Any CPU.ActiveCfg = Debug|Any CPU
		{2C20B12C-EB80-4C4D-B52B-3C567E69E8DA}.Debug|Any CPU.Build.0 = Debug|Any CPU
		{2C20B12C-EB80-4C4D-B52B-3C567E69E8DA}.Release|Any CPU.ActiveCfg = Release|Any CPU
		{2C20B12C-EB80-4C4D-B52B-3C567E69E8DA}.Release|Any CPU.Build.0 = Release|Any CPU
	EndGlobalSection
	GlobalSection(SolutionProperties) = preSolution
		HideSolutionNode = FALSE
	EndGlobalSection
	GlobalSection(ExtensibilityGlobals) = postSolution
		SolutionGuid = {0FBB9494-4B62-4DCD-9421-803AF9C75DCF}
	EndGlobalSection
EndGlobal
