
Microsoft Visual Studio Solution File, Format Version 12.00
# Visual Studio Version 16
VisualStudioVersion = 16.0.31624.102
MinimumVisualStudioVersion = 10.0.40219.1
Project("{FAE04EC0-301F-11D3-BF4B-00C04F79EFBC}") = "ConsoleApp5", "ConsoleApp5.csproj", "{5681B3A4-31EB-4B9E-9D7C-1325E8F11937}"
EndProject
Global
	GlobalSection(SolutionConfigurationPlatforms) = preSolution
		Debug|Any CPU = Debug|Any CPU
		Release|Any CPU = Release|Any CPU
	EndGlobalSection
	GlobalSection(ProjectConfigurationPlatforms) = postSolution
		{5681B3A4-31EB-4B9E-9D7C-1325E8F11937}.Debug|Any CPU.ActiveCfg = Debug|Any CPU
		{5681B3A4-31EB-4B9E-9D7C-1325E8F11937}.Debug|Any CPU.Build.0 = Debug|Any CPU
		{5681B3A4-31EB-4B9E-9D7C-1325E8F11937}.Release|Any CPU.ActiveCfg = Release|Any CPU
		{5681B3A4-31EB-4B9E-9D7C-1325E8F11937}.Release|Any CPU.Build.0 = Release|Any CPU
	EndGlobalSection
	GlobalSection(SolutionProperties) = preSolution
		HideSolutionNode = FALSE
	EndGlobalSection
	GlobalSection(ExtensibilityGlobals) = postSolution
		SolutionGuid = {CCC9CD5E-CC37-452E-A84E-58DC915D09F0}
	EndGlobalSection
EndGlobal
